// !$*UTF8*$!
{
	archiveVersion = 1;
	classes = {
	};
	objectVersion = 50;
	objects = {

/* Begin PBXBuildFile section */
		C93641F025C7DA510048C83A /* BorrowApp.swift in Sources */ = {isa = PBXBuildFile; fileRef = C93641EF25C7DA510048C83A /* BorrowApp.swift */; };
		C93641F225C7DA510048C83A /* ContentView.swift in Sources */ = {isa = PBXBuildFile; fileRef = C93641F125C7DA510048C83A /* ContentView.swift */; };
		C93641F425C7DA560048C83A /* Assets.xcassets in Resources */ = {isa = PBXBuildFile; fileRef = C93641F325C7DA560048C83A /* Assets.xcassets */; };
		C93641F725C7DA560048C83A /* Preview Assets.xcassets in Resources */ = {isa = PBXBuildFile; fileRef = C93641F625C7DA560048C83A /* Preview Assets.xcassets */; };
		C93641F925C7DA560048C83A /* Persistence.swift in Sources */ = {isa = PBXBuildFile; fileRef = C93641F825C7DA560048C83A /* Persistence.swift */; };
		C93641FC25C7DA560048C83A /* Borrow.xcdatamodeld in Sources */ = {isa = PBXBuildFile; fileRef = C93641FA25C7DA560048C83A /* Borrow.xcdatamodeld */; };
		C936420725C7DA570048C83A /* BorrowTests.swift in Sources */ = {isa = PBXBuildFile; fileRef = C936420625C7DA570048C83A /* BorrowTests.swift */; };
		C936421225C7DA570048C83A /* BorrowUITests.swift in Sources */ = {isa = PBXBuildFile; fileRef = C936421125C7DA570048C83A /* BorrowUITests.swift */; };
/* End PBXBuildFile section */

/* Begin PBXContainerItemProxy section */
		C936420325C7DA570048C83A /* PBXContainerItemProxy */ = {
			isa = PBXContainerItemProxy;
			containerPortal = C93641E425C7DA510048C83A /* Project object */;
			proxyType = 1;
			remoteGlobalIDString = C93641EB25C7DA510048C83A;
			remoteInfo = Borrow;
		};
		C936420E25C7DA570048C83A /* PBXContainerItemProxy */ = {
			isa = PBXContainerItemProxy;
			containerPortal = C93641E425C7DA510048C83A /* Project object */;
			proxyType = 1;
			remoteGlobalIDString = C93641EB25C7DA510048C83A;
			remoteInfo = Borrow;
		};
/* End PBXContainerItemProxy section */

/* Begin PBXFileReference section */
		C93641EC25C7DA510048C83A /* Borrow.app */ = {isa = PBXFileReference; explicitFileType = wrapper.application; includeInIndex = 0; path = Borrow.app; sourceTree = BUILT_PRODUCTS_DIR; };
		C93641EF25C7DA510048C83A /* BorrowApp.swift */ = {isa = PBXFileReference; lastKnownFileType = sourcecode.swift; path = BorrowApp.swift; sourceTree = "<group>"; };
		C93641F125C7DA510048C83A /* ContentView.swift */ = {isa = PBXFileReference; lastKnownFileType = sourcecode.swift; path = ContentView.swift; sourceTree = "<group>"; };
		C93641F325C7DA560048C83A /* Assets.xcassets */ = {isa = PBXFileReference; lastKnownFileType = folder.assetcatalog; path = Assets.xcassets; sourceTree = "<group>"; };
		C93641F625C7DA560048C83A /* Preview Assets.xcassets */ = {isa = PBXFileReference; lastKnownFileType = folder.assetcatalog; path = "Preview Assets.xcassets"; sourceTree = "<group>"; };
		C93641F825C7DA560048C83A /* Persistence.swift */ = {isa = PBXFileReference; lastKnownFileType = sourcecode.swift; path = Persistence.swift; sourceTree = "<group>"; };
		C93641FB25C7DA560048C83A /* Borrow.xcdatamodel */ = {isa = PBXFileReference; lastKnownFileType = wrapper.xcdatamodel; path = Borrow.xcdatamodel; sourceTree = "<group>"; };
		C93641FD25C7DA570048C83A /* Info.plist */ = {isa = PBXFileReference; lastKnownFileType = text.plist.xml; path = Info.plist; sourceTree = "<group>"; };
		C936420225C7DA570048C83A /* BorrowTests.xctest */ = {isa = PBXFileReference; explicitFileType = wrapper.cfbundle; includeInIndex = 0; path = BorrowTests.xctest; sourceTree = BUILT_PRODUCTS_DIR; };
		C936420625C7DA570048C83A /* BorrowTests.swift */ = {isa = PBXFileReference; lastKnownFileType = sourcecode.swift; path = BorrowTests.swift; sourceTree = "<group>"; };
		C936420825C7DA570048C83A /* Info.plist */ = {isa = PBXFileReference; lastKnownFileType = text.plist.xml; path = Info.plist; sourceTree = "<group>"; };
		C936420D25C7DA570048C83A /* BorrowUITests.xctest */ = {isa = PBXFileReference; explicitFileType = wrapper.cfbundle; includeInIndex = 0; path = BorrowUITests.xctest; sourceTree = BUILT_PRODUCTS_DIR; };
		C936421125C7DA570048C83A /* BorrowUITests.swift */ = {isa = PBXFileReference; lastKnownFileType = sourcecode.swift; path = BorrowUITests.swift; sourceTree = "<group>"; };
		C936421325C7DA570048C83A /* Info.plist */ = {isa = PBXFileReference; lastKnownFileType = text.plist.xml; path = Info.plist; sourceTree = "<group>"; };
/* End PBXFileReference section */

/* Begin PBXFrameworksBuildPhase section */
		C93641E925C7DA510048C83A /* Frameworks */ = {
			isa = PBXFrameworksBuildPhase;
			buildActionMask = 2147483647;
			files = (
			);
			runOnlyForDeploymentPostprocessing = 0;
		};
		C93641FF25C7DA570048C83A /* Frameworks */ = {
			isa = PBXFrameworksBuildPhase;
			buildActionMask = 2147483647;
			files = (
			);
			runOnlyForDeploymentPostprocessing = 0;
		};
		C936420A25C7DA570048C83A /* Frameworks */ = {
			isa = PBXFrameworksBuildPhase;
			buildActionMask = 2147483647;
			files = (
			);
			runOnlyForDeploymentPostprocessing = 0;
		};
/* End PBXFrameworksBuildPhase section */

/* Begin PBXGroup section */
		C93641E325C7DA510048C83A = {
			isa = PBXGroup;
			children = (
				C93641EE25C7DA510048C83A /* Borrow */,
				C936420525C7DA570048C83A /* BorrowTests */,
				C936421025C7DA570048C83A /* BorrowUITests */,
				C93641ED25C7DA510048C83A /* Products */,
			);
			sourceTree = "<group>";
		};
		C93641ED25C7DA510048C83A /* Products */ = {
			isa = PBXGroup;
			children = (
				C93641EC25C7DA510048C83A /* Borrow.app */,
				C936420225C7DA570048C83A /* BorrowTests.xctest */,
				C936420D25C7DA570048C83A /* BorrowUITests.xctest */,
			);
			name = Products;
			sourceTree = "<group>";
		};
		C93641EE25C7DA510048C83A /* Borrow */ = {
			isa = PBXGroup;
			children = (
				C93641EF25C7DA510048C83A /* BorrowApp.swift */,
				C93641F125C7DA510048C83A /* ContentView.swift */,
				C93641F325C7DA560048C83A /* Assets.xcassets */,
				C93641F825C7DA560048C83A /* Persistence.swift */,
				C93641FD25C7DA570048C83A /* Info.plist */,
				C93641FA25C7DA560048C83A /* Borrow.xcdatamodeld */,
				C93641F525C7DA560048C83A /* Preview Content */,
			);
			path = Borrow;
			sourceTree = "<group>";
		};
		C93641F525C7DA560048C83A /* Preview Content */ = {
			isa = PBXGroup;
			children = (
				C93641F625C7DA560048C83A /* Preview Assets.xcassets */,
			);
			path = "Preview Content";
			sourceTree = "<group>";
		};
		C936420525C7DA570048C83A /* BorrowTests */ = {
			isa = PBXGroup;
			children = (
				C936420625C7DA570048C83A /* BorrowTests.swift */,
				C936420825C7DA570048C83A /* Info.plist */,
			);
			path = BorrowTests;
			sourceTree = "<group>";
		};
		C936421025C7DA570048C83A /* BorrowUITests */ = {
			isa = PBXGroup;
			children = (
				C936421125C7DA570048C83A /* BorrowUITests.swift */,
				C936421325C7DA570048C83A /* Info.plist */,
			);
			path = BorrowUITests;
			sourceTree = "<group>";
		};
/* End PBXGroup section */

/* Begin PBXNativeTarget section */
		C93641EB25C7DA510048C83A /* Borrow */ = {
			isa = PBXNativeTarget;
			buildConfigurationList = C936421625C7DA570048C83A /* Build configuration list for PBXNativeTarget "Borrow" */;
			buildPhases = (
				C93641E825C7DA510048C83A /* Sources */,
				C93641E925C7DA510048C83A /* Frameworks */,
				C93641EA25C7DA510048C83A /* Resources */,
			);
			buildRules = (
			);
			dependencies = (
			);
			name = Borrow;
			productName = Borrow;
			productReference = C93641EC25C7DA510048C83A /* Borrow.app */;
			productType = "com.apple.product-type.application";
		};
		C936420125C7DA570048C83A /* BorrowTests */ = {
			isa = PBXNativeTarget;
			buildConfigurationList = C936421925C7DA570048C83A /* Build configuration list for PBXNativeTarget "BorrowTests" */;
			buildPhases = (
				C93641FE25C7DA570048C83A /* Sources */,
				C93641FF25C7DA570048C83A /* Frameworks */,
				C936420025C7DA570048C83A /* Resources */,
			);
			buildRules = (
			);
			dependencies = (
				C936420425C7DA570048C83A /* PBXTargetDependency */,
			);
			name = BorrowTests;
			productName = BorrowTests;
			productReference = C936420225C7DA570048C83A /* BorrowTests.xctest */;
			productType = "com.apple.product-type.bundle.unit-test";
		};
		C936420C25C7DA570048C83A /* BorrowUITests */ = {
			isa = PBXNativeTarget;
			buildConfigurationList = C936421C25C7DA570048C83A /* Build configuration list for PBXNativeTarget "BorrowUITests" */;
			buildPhases = (
				C936420925C7DA570048C83A /* Sources */,
				C936420A25C7DA570048C83A /* Frameworks */,
				C936420B25C7DA570048C83A /* Resources */,
			);
			buildRules = (
			);
			dependencies = (
				C936420F25C7DA570048C83A /* PBXTargetDependency */,
			);
			name = BorrowUITests;
			productName = BorrowUITests;
			productReference = C936420D25C7DA570048C83A /* BorrowUITests.xctest */;
			productType = "com.apple.product-type.bundle.ui-testing";
		};
/* End PBXNativeTarget section */

/* Begin PBXProject section */
		C93641E425C7DA510048C83A /* Project object */ = {
			isa = PBXProject;
			attributes = {
				LastSwiftUpdateCheck = 1240;
				LastUpgradeCheck = 1240;
				TargetAttributes = {
					C93641EB25C7DA510048C83A = {
						CreatedOnToolsVersion = 12.4;
					};
					C936420125C7DA570048C83A = {
						CreatedOnToolsVersion = 12.4;
						TestTargetID = C93641EB25C7DA510048C83A;
					};
					C936420C25C7DA570048C83A = {
						CreatedOnToolsVersion = 12.4;
						TestTargetID = C93641EB25C7DA510048C83A;
					};
				};
			};
			buildConfigurationList = C93641E725C7DA510048C83A /* Build configuration list for PBXProject "Borrow" */;
			compatibilityVersion = "Xcode 9.3";
			developmentRegion = en;
			hasScannedForEncodings = 0;
			knownRegions = (
				en,
				Base,
			);
			mainGroup = C93641E325C7DA510048C83A;
			productRefGroup = C93641ED25C7DA510048C83A /* Products */;
			projectDirPath = "";
			projectRoot = "";
			targets = (
				C93641EB25C7DA510048C83A /* Borrow */,
				C936420125C7DA570048C83A /* BorrowTests */,
				C936420C25C7DA570048C83A /* BorrowUITests */,
			);
		};
/* End PBXProject section */

/* Begin PBXResourcesBuildPhase section */
		C93641EA25C7DA510048C83A /* Resources */ = {
			isa = PBXResourcesBuildPhase;
			buildActionMask = 2147483647;
			files = (
				C93641F725C7DA560048C83A /* Preview Assets.xcassets in Resources */,
				C93641F425C7DA560048C83A /* Assets.xcassets in Resources */,
			);
			runOnlyForDeploymentPostprocessing = 0;
		};
		C936420025C7DA570048C83A /* Resources */ = {
			isa = PBXResourcesBuildPhase;
			buildActionMask = 2147483647;
			files = (
			);
			runOnlyForDeploymentPostprocessing = 0;
		};
		C936420B25C7DA570048C83A /* Resources */ = {
			isa = PBXResourcesBuildPhase;
			buildActionMask = 2147483647;
			files = (
			);
			runOnlyForDeploymentPostprocessing = 0;
		};
/* End PBXResourcesBuildPhase section */

/* Begin PBXSourcesBuildPhase section */
		C93641E825C7DA510048C83A /* Sources */ = {
			isa = PBXSourcesBuildPhase;
			buildActionMask = 2147483647;
			files = (
				C93641F925C7DA560048C83A /* Persistence.swift in Sources */,
				C93641F225C7DA510048C83A /* ContentView.swift in Sources */,
				C93641FC25C7DA560048C83A /* Borrow.xcdatamodeld in Sources */,
				C93641F025C7DA510048C83A /* BorrowApp.swift in Sources */,
			);
			runOnlyForDeploymentPostprocessing = 0;
		};
		C93641FE25C7DA570048C83A /* Sources */ = {
			isa = PBXSourcesBuildPhase;
			buildActionMask = 2147483647;
			files = (
				C936420725C7DA570048C83A /* BorrowTests.swift in Sources */,
			);
			runOnlyForDeploymentPostprocessing = 0;
		};
		C936420925C7DA570048C83A /* Sources */ = {
			isa = PBXSourcesBuildPhase;
			buildActionMask = 2147483647;
			files = (
				C936421225C7DA570048C83A /* BorrowUITests.swift in Sources */,
			);
			runOnlyForDeploymentPostprocessing = 0;
		};
/* End PBXSourcesBuildPhase section */

/* Begin PBXTargetDependency section */
		C936420425C7DA570048C83A /* PBXTargetDependency */ = {
			isa = PBXTargetDependency;
			target = C93641EB25C7DA510048C83A /* Borrow */;
			targetProxy = C936420325C7DA570048C83A /* PBXContainerItemProxy */;
		};
		C936420F25C7DA570048C83A /* PBXTargetDependency */ = {
			isa = PBXTargetDependency;
			target = C93641EB25C7DA510048C83A /* Borrow */;
			targetProxy = C936420E25C7DA570048C83A /* PBXContainerItemProxy */;
		};
/* End PBXTargetDependency section */

/* Begin XCBuildConfiguration section */
		C936421425C7DA570048C83A /* Debug */ = {
			isa = XCBuildConfiguration;
			buildSettings = {
				ALWAYS_SEARCH_USER_PATHS = NO;
				CLANG_ANALYZER_NONNULL = YES;
				CLANG_ANALYZER_NUMBER_OBJECT_CONVERSION = YES_AGGRESSIVE;
				CLANG_CXX_LANGUAGE_STANDARD = "gnu++14";
				CLANG_CXX_LIBRARY = "libc++";
				CLANG_ENABLE_MODULES = YES;
				CLANG_ENABLE_OBJC_ARC = YES;
				CLANG_ENABLE_OBJC_WEAK = YES;
				CLANG_WARN_BLOCK_CAPTURE_AUTORELEASING = YES;
				CLANG_WARN_BOOL_CONVERSION = YES;
				CLANG_WARN_COMMA = YES;
				CLANG_WARN_CONSTANT_CONVERSION = YES;
				CLANG_WARN_DEPRECATED_OBJC_IMPLEMENTATIONS = YES;
				CLANG_WARN_DIRECT_OBJC_ISA_USAGE = YES_ERROR;
				CLANG_WARN_DOCUMENTATION_COMMENTS = YES;
				CLANG_WARN_EMPTY_BODY = YES;
				CLANG_WARN_ENUM_CONVERSION = YES;
				CLANG_WARN_INFINITE_RECURSION = YES;
				CLANG_WARN_INT_CONVERSION = YES;
				CLANG_WARN_NON_LITERAL_NULL_CONVERSION = YES;
				CLANG_WARN_OBJC_IMPLICIT_RETAIN_SELF = YES;
				CLANG_WARN_OBJC_LITERAL_CONVERSION = YES;
				CLANG_WARN_OBJC_ROOT_CLASS = YES_ERROR;
				CLANG_WARN_QUOTED_INCLUDE_IN_FRAMEWORK_HEADER = YES;
				CLANG_WARN_RANGE_LOOP_ANALYSIS = YES;
				CLANG_WARN_STRICT_PROTOTYPES = YES;
				CLANG_WARN_SUSPICIOUS_MOVE = YES;
				CLANG_WARN_UNGUARDED_AVAILABILITY = YES_AGGRESSIVE;
				CLANG_WARN_UNREACHABLE_CODE = YES;
				CLANG_WARN__DUPLICATE_METHOD_MATCH = YES;
				COPY_PHASE_STRIP = NO;
				DEBUG_INFORMATION_FORMAT = dwarf;
				ENABLE_STRICT_OBJC_MSGSEND = YES;
				ENABLE_TESTABILITY = YES;
				GCC_C_LANGUAGE_STANDARD = gnu11;
				GCC_DYNAMIC_NO_PIC = NO;
				GCC_NO_COMMON_BLOCKS = YES;
				GCC_OPTIMIZATION_LEVEL = 0;
				GCC_PREPROCESSOR_DEFINITIONS = (
					"DEBUG=1",
					"$(inherited)",
				);
				GCC_WARN_64_TO_32_BIT_CONVERSION = YES;
				GCC_WARN_ABOUT_RETURN_TYPE = YES_ERROR;
				GCC_WARN_UNDECLARED_SELECTOR = YES;
				GCC_WARN_UNINITIALIZED_AUTOS = YES_AGGRESSIVE;
				GCC_WARN_UNUSED_FUNCTION = YES;
				GCC_WARN_UNUSED_VARIABLE = YES;
				IPHONEOS_DEPLOYMENT_TARGET = 14.4;
				MTL_ENABLE_DEBUG_INFO = INCLUDE_SOURCE;
				MTL_FAST_MATH = YES;
				ONLY_ACTIVE_ARCH = YES;
				SDKROOT = iphoneos;
				SWIFT_ACTIVE_COMPILATION_CONDITIONS = DEBUG;
				SWIFT_OPTIMIZATION_LEVEL = "-Onone";
			};
			name = Debug;
		};
		C936421525C7DA570048C83A /* Release */ = {
			isa = XCBuildConfiguration;
			buildSettings = {
				ALWAYS_SEARCH_USER_PATHS = NO;
				CLANG_ANALYZER_NONNULL = YES;
				CLANG_ANALYZER_NUMBER_OBJECT_CONVERSION = YES_AGGRESSIVE;
				CLANG_CXX_LANGUAGE_STANDARD = "gnu++14";
				CLANG_CXX_LIBRARY = "libc++";
				CLANG_ENABLE_MODULES = YES;
				CLANG_ENABLE_OBJC_ARC = YES;
				CLANG_ENABLE_OBJC_WEAK = YES;
				CLANG_WARN_BLOCK_CAPTURE_AUTORELEASING = YES;
				CLANG_WARN_BOOL_CONVERSION = YES;
				CLANG_WARN_COMMA = YES;
				CLANG_WARN_CONSTANT_CONVERSION = YES;
				CLANG_WARN_DEPRECATED_OBJC_IMPLEMENTATIONS = YES;
				CLANG_WARN_DIRECT_OBJC_ISA_USAGE = YES_ERROR;
				CLANG_WARN_DOCUMENTATION_COMMENTS = YES;
				CLANG_WARN_EMPTY_BODY = YES;
				CLANG_WARN_ENUM_CONVERSION = YES;
				CLANG_WARN_INFINITE_RECURSION = YES;
				CLANG_WARN_INT_CONVERSION = YES;
				CLANG_WARN_NON_LITERAL_NULL_CONVERSION = YES;
				CLANG_WARN_OBJC_IMPLICIT_RETAIN_SELF = YES;
				CLANG_WARN_OBJC_LITERAL_CONVERSION = YES;
				CLANG_WARN_OBJC_ROOT_CLASS = YES_ERROR;
				CLANG_WARN_QUOTED_INCLUDE_IN_FRAMEWORK_HEADER = YES;
				CLANG_WARN_RANGE_LOOP_ANALYSIS = YES;
				CLANG_WARN_STRICT_PROTOTYPES = YES;
				CLANG_WARN_SUSPICIOUS_MOVE = YES;
				CLANG_WARN_UNGUARDED_AVAILABILITY = YES_AGGRESSIVE;
				CLANG_WARN_UNREACHABLE_CODE = YES;
				CLANG_WARN__DUPLICATE_METHOD_MATCH = YES;
				COPY_PHASE_STRIP = NO;
				DEBUG_INFORMATION_FORMAT = "dwarf-with-dsym";
				ENABLE_NS_ASSERTIONS = NO;
				ENABLE_STRICT_OBJC_MSGSEND = YES;
				GCC_C_LANGUAGE_STANDARD = gnu11;
				GCC_NO_COMMON_BLOCKS = YES;
				GCC_WARN_64_TO_32_BIT_CONVERSION = YES;
				GCC_WARN_ABOUT_RETURN_TYPE = YES_ERROR;
				GCC_WARN_UNDECLARED_SELECTOR = YES;
				GCC_WARN_UNINITIALIZED_AUTOS = YES_AGGRESSIVE;
				GCC_WARN_UNUSED_FUNCTION = YES;
				GCC_WARN_UNUSED_VARIABLE = YES;
				IPHONEOS_DEPLOYMENT_TARGET = 14.4;
				MTL_ENABLE_DEBUG_INFO = NO;
				MTL_FAST_MATH = YES;
				SDKROOT = iphoneos;
				SWIFT_COMPILATION_MODE = wholemodule;
				SWIFT_OPTIMIZATION_LEVEL = "-O";
				VALIDATE_PRODUCT = YES;
			};
			name = Release;
		};
		C936421725C7DA570048C83A /* Debug */ = {
			isa = XCBuildConfiguration;
			buildSettings = {
				ASSETCATALOG_COMPILER_APPICON_NAME = AppIcon;
				ASSETCATALOG_COMPILER_GLOBAL_ACCENT_COLOR_NAME = AccentColor;
				CODE_SIGN_STYLE = Automatic;
				DEVELOPMENT_ASSET_PATHS = "\"Borrow/Preview Content\"";
				DEVELOPMENT_TEAM = 4562Q5CQ46;
				ENABLE_PREVIEWS = YES;
				INFOPLIST_FILE = Borrow/Info.plist;
				IPHONEOS_DEPLOYMENT_TARGET = 14.0;
				LD_RUNPATH_SEARCH_PATHS = (
					"$(inherited)",
					"@executable_path/Frameworks",
				);
				PRODUCT_BUNDLE_IDENTIFIER = cSmith.Borrow;
				PRODUCT_NAME = "$(TARGET_NAME)";
				SWIFT_VERSION = 5.0;
				TARGETED_DEVICE_FAMILY = "1,2";
			};
			name = Debug;
		};
		C936421825C7DA570048C83A /* Release */ = {
			isa = XCBuildConfiguration;
			buildSettings = {
				ASSETCATALOG_COMPILER_APPICON_NAME = AppIcon;
				ASSETCATALOG_COMPILER_GLOBAL_ACCENT_COLOR_NAME = AccentColor;
				CODE_SIGN_STYLE = Automatic;
				DEVELOPMENT_ASSET_PATHS = "\"Borrow/Preview Content\"";
				DEVELOPMENT_TEAM = 4562Q5CQ46;
				ENABLE_PREVIEWS = YES;
				INFOPLIST_FILE = Borrow/Info.plist;
				IPHONEOS_DEPLOYMENT_TARGET = 14.0;
				LD_RUNPATH_SEARCH_PATHS = (
					"$(inherited)",
					"@executable_path/Frameworks",
				);
				PRODUCT_BUNDLE_IDENTIFIER = cSmith.Borrow;
				PRODUCT_NAME = "$(TARGET_NAME)";
				SWIFT_VERSION = 5.0;
				TARGETED_DEVICE_FAMILY = "1,2";
			};
			name = Release;
		};
		C936421A25C7DA570048C83A /* Debug */ = {
			isa = XCBuildConfiguration;
			buildSettings = {
				ALWAYS_EMBED_SWIFT_STANDARD_LIBRARIES = YES;
				BUNDLE_LOADER = "$(TEST_HOST)";
				CODE_SIGN_STYLE = Automatic;
				DEVELOPMENT_TEAM = 4562Q5CQ46;
				INFOPLIST_FILE = BorrowTests/Info.plist;
				IPHONEOS_DEPLOYMENT_TARGET = 14.0;
				LD_RUNPATH_SEARCH_PATHS = (
					"$(inherited)",
					"@executable_path/Frameworks",
					"@loader_path/Frameworks",
				);
				PRODUCT_BUNDLE_IDENTIFIER = cSmith.BorrowTests;
				PRODUCT_NAME = "$(TARGET_NAME)";
				SWIFT_VERSION = 5.0;
				TARGETED_DEVICE_FAMILY = "1,2";
				TEST_HOST = "$(BUILT_PRODUCTS_DIR)/Borrow.app/Borrow";
			};
			name = Debug;
		};
		C936421B25C7DA570048C83A /* Release */ = {
			isa = XCBuildConfiguration;
			buildSettings = {
				ALWAYS_EMBED_SWIFT_STANDARD_LIBRARIES = YES;
				BUNDLE_LOADER = "$(TEST_HOST)";
				CODE_SIGN_STYLE = Automatic;
				DEVELOPMENT_TEAM = 4562Q5CQ46;
				INFOPLIST_FILE = BorrowTests/Info.plist;
				IPHONEOS_DEPLOYMENT_TARGET = 14.0;
				LD_RUNPATH_SEARCH_PATHS = (
					"$(inherited)",
					"@executable_path/Frameworks",
					"@loader_path/Frameworks",
				);
				PRODUCT_BUNDLE_IDENTIFIER = cSmith.BorrowTests;
				PRODUCT_NAME = "$(TARGET_NAME)";
				SWIFT_VERSION = 5.0;
				TARGETED_DEVICE_FAMILY = "1,2";
				TEST_HOST = "$(BUILT_PRODUCTS_DIR)/Borrow.app/Borrow";
			};
			name = Release;
		};
		C936421D25C7DA570048C83A /* Debug */ = {
			isa = XCBuildConfiguration;
			buildSettings = {
				ALWAYS_EMBED_SWIFT_STANDARD_LIBRARIES = YES;
				CODE_SIGN_STYLE = Automatic;
				DEVELOPMENT_TEAM = 4562Q5CQ46;
				INFOPLIST_FILE = BorrowUITests/Info.plist;
				LD_RUNPATH_SEARCH_PATHS = (
					"$(inherited)",
					"@executable_path/Frameworks",
					"@loader_path/Frameworks",
				);
				PRODUCT_BUNDLE_IDENTIFIER = cSmith.BorrowUITests;
				PRODUCT_NAME = "$(TARGET_NAME)";
				SWIFT_VERSION = 5.0;
				TARGETED_DEVICE_FAMILY = "1,2";
				TEST_TARGET_NAME = Borrow;
			};
			name = Debug;
		};
		C936421E25C7DA570048C83A /* Release */ = {
			isa = XCBuildConfiguration;
			buildSettings = {
				ALWAYS_EMBED_SWIFT_STANDARD_LIBRARIES = YES;
				CODE_SIGN_STYLE = Automatic;
				DEVELOPMENT_TEAM = 4562Q5CQ46;
				INFOPLIST_FILE = BorrowUITests/Info.plist;
				LD_RUNPATH_SEARCH_PATHS = (
					"$(inherited)",
					"@executable_path/Frameworks",
					"@loader_path/Frameworks",
				);
				PRODUCT_BUNDLE_IDENTIFIER = cSmith.BorrowUITests;
				PRODUCT_NAME = "$(TARGET_NAME)";
				SWIFT_VERSION = 5.0;
				TARGETED_DEVICE_FAMILY = "1,2";
				TEST_TARGET_NAME = Borrow;
			};
			name = Release;
		};
/* End XCBuildConfiguration section */

/* Begin XCConfigurationList section */
		C93641E725C7DA510048C83A /* Build configuration list for PBXProject "Borrow" */ = {
			isa = XCConfigurationList;
			buildConfigurations = (
				C936421425C7DA570048C83A /* Debug */,
				C936421525C7DA570048C83A /* Release */,
			);
			defaultConfigurationIsVisible = 0;
			defaultConfigurationName = Release;
		};
		C936421625C7DA570048C83A /* Build configuration list for PBXNativeTarget "Borrow" */ = {
			isa = XCConfigurationList;
			buildConfigurations = (
				C936421725C7DA570048C83A /* Debug */,
				C936421825C7DA570048C83A /* Release */,
			);
			defaultConfigurationIsVisible = 0;
			defaultConfigurationName = Release;
		};
		C936421925C7DA570048C83A /* Build configuration list for PBXNativeTarget "BorrowTests" */ = {
			isa = XCConfigurationList;
			buildConfigurations = (
				C936421A25C7DA570048C83A /* Debug */,
				C936421B25C7DA570048C83A /* Release */,
			);
			defaultConfigurationIsVisible = 0;
			defaultConfigurationName = Release;
		};
		C936421C25C7DA570048C83A /* Build configuration list for PBXNativeTarget "BorrowUITests" */ = {
			isa = XCConfigurationList;
			buildConfigurations = (
				C936421D25C7DA570048C83A /* Debug */,
				C936421E25C7DA570048C83A /* Release */,
			);
			defaultConfigurationIsVisible = 0;
			defaultConfigurationName = Release;
		};
/* End XCConfigurationList section */

/* Begin XCVersionGroup section */
		C93641FA25C7DA560048C83A /* Borrow.xcdatamodeld */ = {
			isa = XCVersionGroup;
			children = (
				C93641FB25C7DA560048C83A /* Borrow.xcdatamodel */,
			);
			currentVersion = C93641FB25C7DA560048C83A /* Borrow.xcdatamodel */;
			path = Borrow.xcdatamodeld;
			sourceTree = "<group>";
			versionGroupType = wrapper.xcdatamodel;
		};
/* End XCVersionGroup section */
	};
	rootObject = C93641E425C7DA510048C83A /* Project object */;
}
